
Microsoft Visual Studio Solution File, Format Version 12.00
# Visual Studio 2013
VisualStudioVersion = 12.0.30723.0
MinimumVisualStudioVersion = 10.0.40219.1
Project("{FAE04EC0-301F-11D3-BF4B-00C04F79EFBC}") = "Cob.Umb.NavBuilder", "Cob.Umb.NavBuilder\Cob.Umb.NavBuilder.csproj", "{6AF01EA1-7EC1-439F-B36D-8ABEDCA47513}"
EndProject
Project("{2150E333-8FDC-42A3-9474-1A3956D46DE8}") = ".nuget", ".nuget", "{DF1A2DB2-300B-4BF8-AB73-7EF540C99742}"
	ProjectSection(SolutionItems) = preProject
		.nuget\NuGet.Config = .nuget\NuGet.Config
		.nuget\NuGet.exe = .nuget\NuGet.exe
		.nuget\NuGet.targets = .nuget\NuGet.targets
	EndProjectSection
EndProject
Project("{2150E333-8FDC-42A3-9474-1A3956D46DE8}") = "package", "package", "{ED0FC3A8-A9A2-49EF-8FC3-95F715EBA1E8}"
	ProjectSection(SolutionItems) = preProject
		..\package\BuildPackage.bat = ..\package\BuildPackage.bat
		..\package\Cob.Umb.NavBuilder.0.10.0.0.nupkg = ..\package\Cob.Umb.NavBuilder.0.10.0.0.nupkg
		..\package\Cob.Umb.NavBuilder.0.10.1.0.nupkg = ..\package\Cob.Umb.NavBuilder.0.10.1.0.nupkg
		..\package\Cob.Umb.NavBuilder.0.10.2.0.nupkg = ..\package\Cob.Umb.NavBuilder.0.10.2.0.nupkg
		..\package\Cob.Umb.NavBuilder.0.10.3.0.nupkg = ..\package\Cob.Umb.NavBuilder.0.10.3.0.nupkg
		..\package\Cob.Umb.NavBuilder.0.9.0.0.nupkg = ..\package\Cob.Umb.NavBuilder.0.9.0.0.nupkg
		..\package\Cob.Umb.NavBuilder.0.9.5.0.nupkg = ..\package\Cob.Umb.NavBuilder.0.9.5.0.nupkg
		Cob.Umb.NavBuilder\Cob.Umb.NavBuilder.nuspec = Cob.Umb.NavBuilder\Cob.Umb.NavBuilder.nuspec
	EndProjectSection
EndProject
Project("{2150E333-8FDC-42A3-9474-1A3956D46DE8}") = "repo", "repo", "{E27216EB-061C-49B9-BDF4-272998BE38A3}"
	ProjectSection(SolutionItems) = preProject
		..\.gitattributes = ..\.gitattributes
		..\.gitignore = ..\.gitignore
		..\LICENSE = ..\LICENSE
		..\README.md = ..\README.md
	EndProjectSection
EndProject
Global
	GlobalSection(SolutionConfigurationPlatforms) = preSolution
		Debug|Any CPU = Debug|Any CPU
		Release|Any CPU = Release|Any CPU
	EndGlobalSection
	GlobalSection(ProjectConfigurationPlatforms) = postSolution
		{6AF01EA1-7EC1-439F-B36D-8ABEDCA47513}.Debug|Any CPU.ActiveCfg = Debug|Any CPU
		{6AF01EA1-7EC1-439F-B36D-8ABEDCA47513}.Debug|Any CPU.Build.0 = Debug|Any CPU
		{6AF01EA1-7EC1-439F-B36D-8ABEDCA47513}.Release|Any CPU.ActiveCfg = Release|Any CPU
		{6AF01EA1-7EC1-439F-B36D-8ABEDCA47513}.Release|Any CPU.Build.0 = Release|Any CPU
	EndGlobalSection
	GlobalSection(SolutionProperties) = preSolution
		HideSolutionNode = FALSE
	EndGlobalSection
EndGlobal
